
Microsoft Visual Studio Solution File, Format Version 12.00
# Visual Studio 15
VisualStudioVersion = 15.0.26228.12
MinimumVisualStudioVersion = 10.0.40219.1
Project("{2150E333-8FDC-42A3-9474-1A3956D46DE8}") = "0 - Presentation", "0 - Presentation", "{7FC2825C-266C-491A-853B-E0B5F222355D}"
EndProject
Project("{2150E333-8FDC-42A3-9474-1A3956D46DE8}") = "1 - Services", "1 - Services", "{C7BF640E-5242-451B-AC88-555C9F4B0F73}"
EndProject
Project("{2150E333-8FDC-42A3-9474-1A3956D46DE8}") = "2 - Application", "2 - Application", "{8E3C4F59-7FC8-4BCE-BAAB-C5DF7EB24369}"
EndProject
Project("{2150E333-8FDC-42A3-9474-1A3956D46DE8}") = "3 - Domain", "3 - Domain", "{6406F4EC-7F0D-4A37-A48F-3739BBDE1D2C}"
EndProject
Project("{2150E333-8FDC-42A3-9474-1A3956D46DE8}") = "4 - Infra", "4 - Infra", "{55399209-3E63-4D7C-B7E6-2FBDC11C1217}"
EndProject
Project("{2150E333-8FDC-42A3-9474-1A3956D46DE8}") = "4.2 - CrossCutting", "4.2 - CrossCutting", "{473505FB-D9CC-4C75-83E0-1B514B260E00}"
EndProject
Project("{2150E333-8FDC-42A3-9474-1A3956D46DE8}") = "4.1 - Data", "4.1 - Data", "{08697F2E-C942-4CD8-BB18-F3168447B65B}"
EndProject
Project("{FAE04EC0-301F-11D3-BF4B-00C04F79EFBC}") = "ProjetoDDD.Domain", "ProjetoDDD.Domain\ProjetoDDD.Domain.csproj", "{3873EDBF-DC14-484C-9283-0FCFC154381C}"
EndProject
Project("{FAE04EC0-301F-11D3-BF4B-00C04F79EFBC}") = "ProjetoDDD.Infra.Data", "ProjetoDDD.Infra.Data\ProjetoDDD.Infra.Data.csproj", "{CE653E42-5D7D-4791-88DA-685077C5B83E}"
EndProject
Project("{FAE04EC0-301F-11D3-BF4B-00C04F79EFBC}") = "ProjetoDDD.Application", "ProjetoDDD.Application\ProjetoDDD.Application.csproj", "{C3C7CD23-EA9E-4016-A3CC-0A416FF23E45}"
EndProject
Project("{FAE04EC0-301F-11D3-BF4B-00C04F79EFBC}") = "ProjetoDDD.Infra.CrossCutting.Ioc", "ProjetoDDD.Infra.CrossCutting.Ioc\ProjetoDDD.Infra.CrossCutting.Ioc.csproj", "{3CFB74D1-FA58-4D7E-AF35-5E493AB1C37A}"
EndProject
Project("{FAE04EC0-301F-11D3-BF4B-00C04F79EFBC}") = "ProjetoDDD.API", "ProjetoDDD.API\ProjetoDDD.API.csproj", "{0357E86F-9524-48C8-A795-4F4CE2F735B1}"
EndProject
Project("{FAE04EC0-301F-11D3-BF4B-00C04F79EFBC}") = "ProjetoDDD.API.Tests", "ProjetoDDD.API.Tests\ProjetoDDD.API.Tests.csproj", "{DE09C70A-ED84-46FE-AC35-4C5A31393CCB}"
EndProject
Project("{FAE04EC0-301F-11D3-BF4B-00C04F79EFBC}") = "ProjetoDDD.MVC", "ProjetoDDD.MVC\ProjetoDDD.MVC.csproj", "{B7185561-6D3E-49A3-BA85-4BEB09431042}"
EndProject
Global
	GlobalSection(SolutionConfigurationPlatforms) = preSolution
		Debug|Any CPU = Debug|Any CPU
		Release|Any CPU = Release|Any CPU
	EndGlobalSection
	GlobalSection(ProjectConfigurationPlatforms) = postSolution
		{3873EDBF-DC14-484C-9283-0FCFC154381C}.Debug|Any CPU.ActiveCfg = Debug|Any CPU
		{3873EDBF-DC14-484C-9283-0FCFC154381C}.Debug|Any CPU.Build.0 = Debug|Any CPU
		{3873EDBF-DC14-484C-9283-0FCFC154381C}.Release|Any CPU.ActiveCfg = Release|Any CPU
		{3873EDBF-DC14-484C-9283-0FCFC154381C}.Release|Any CPU.Build.0 = Release|Any CPU
		{CE653E42-5D7D-4791-88DA-685077C5B83E}.Debug|Any CPU.ActiveCfg = Debug|Any CPU
		{CE653E42-5D7D-4791-88DA-685077C5B83E}.Debug|Any CPU.Build.0 = Debug|Any CPU
		{CE653E42-5D7D-4791-88DA-685077C5B83E}.Release|Any CPU.ActiveCfg = Release|Any CPU
		{CE653E42-5D7D-4791-88DA-685077C5B83E}.Release|Any CPU.Build.0 = Release|Any CPU
		{C3C7CD23-EA9E-4016-A3CC-0A416FF23E45}.Debug|Any CPU.ActiveCfg = Debug|Any CPU
		{C3C7CD23-EA9E-4016-A3CC-0A416FF23E45}.Debug|Any CPU.Build.0 = Debug|Any CPU
		{C3C7CD23-EA9E-4016-A3CC-0A416FF23E45}.Release|Any CPU.ActiveCfg = Release|Any CPU
		{C3C7CD23-EA9E-4016-A3CC-0A416FF23E45}.Release|Any CPU.Build.0 = Release|Any CPU
		{3CFB74D1-FA58-4D7E-AF35-5E493AB1C37A}.Debug|Any CPU.ActiveCfg = Debug|Any CPU
		{3CFB74D1-FA58-4D7E-AF35-5E493AB1C37A}.Debug|Any CPU.Build.0 = Debug|Any CPU
		{3CFB74D1-FA58-4D7E-AF35-5E493AB1C37A}.Release|Any CPU.ActiveCfg = Release|Any CPU
		{3CFB74D1-FA58-4D7E-AF35-5E493AB1C37A}.Release|Any CPU.Build.0 = Release|Any CPU
		{0357E86F-9524-48C8-A795-4F4CE2F735B1}.Debug|Any CPU.ActiveCfg = Debug|Any CPU
		{0357E86F-9524-48C8-A795-4F4CE2F735B1}.Debug|Any CPU.Build.0 = Debug|Any CPU
		{0357E86F-9524-48C8-A795-4F4CE2F735B1}.Release|Any CPU.ActiveCfg = Release|Any CPU
		{0357E86F-9524-48C8-A795-4F4CE2F735B1}.Release|Any CPU.Build.0 = Release|Any CPU
		{DE09C70A-ED84-46FE-AC35-4C5A31393CCB}.Debug|Any CPU.ActiveCfg = Debug|Any CPU
		{DE09C70A-ED84-46FE-AC35-4C5A31393CCB}.Debug|Any CPU.Build.0 = Debug|Any CPU
		{DE09C70A-ED84-46FE-AC35-4C5A31393CCB}.Release|Any CPU.ActiveCfg = Release|Any CPU
		{DE09C70A-ED84-46FE-AC35-4C5A31393CCB}.Release|Any CPU.Build.0 = Release|Any CPU
		{B7185561-6D3E-49A3-BA85-4BEB09431042}.Debug|Any CPU.ActiveCfg = Debug|Any CPU
		{B7185561-6D3E-49A3-BA85-4BEB09431042}.Debug|Any CPU.Build.0 = Debug|Any CPU
		{B7185561-6D3E-49A3-BA85-4BEB09431042}.Release|Any CPU.ActiveCfg = Release|Any CPU
		{B7185561-6D3E-49A3-BA85-4BEB09431042}.Release|Any CPU.Build.0 = Release|Any CPU
	EndGlobalSection
	GlobalSection(SolutionProperties) = preSolution
		HideSolutionNode = FALSE
	EndGlobalSection
	GlobalSection(NestedProjects) = preSolution
		{473505FB-D9CC-4C75-83E0-1B514B260E00} = {55399209-3E63-4D7C-B7E6-2FBDC11C1217}
		{08697F2E-C942-4CD8-BB18-F3168447B65B} = {55399209-3E63-4D7C-B7E6-2FBDC11C1217}
		{3873EDBF-DC14-484C-9283-0FCFC154381C} = {6406F4EC-7F0D-4A37-A48F-3739BBDE1D2C}
		{CE653E42-5D7D-4791-88DA-685077C5B83E} = {08697F2E-C942-4CD8-BB18-F3168447B65B}
		{C3C7CD23-EA9E-4016-A3CC-0A416FF23E45} = {8E3C4F59-7FC8-4BCE-BAAB-C5DF7EB24369}
		{3CFB74D1-FA58-4D7E-AF35-5E493AB1C37A} = {473505FB-D9CC-4C75-83E0-1B514B260E00}
		{0357E86F-9524-48C8-A795-4F4CE2F735B1} = {7FC2825C-266C-491A-853B-E0B5F222355D}
		{DE09C70A-ED84-46FE-AC35-4C5A31393CCB} = {7FC2825C-266C-491A-853B-E0B5F222355D}
		{B7185561-6D3E-49A3-BA85-4BEB09431042} = {7FC2825C-266C-491A-853B-E0B5F222355D}
	EndGlobalSection
	GlobalSection(ExtensibilityGlobals) = postSolution
		SolutionGuid = {8BA0CBF0-9EE1-4FE2-A1D0-782E05729BBE}
	EndGlobalSection
EndGlobal
