
Microsoft Visual Studio Solution File, Format Version 12.00
# Visual Studio 15
VisualStudioVersion = 15.0.28010.2036
MinimumVisualStudioVersion = 10.0.40219.1
Project("{2150E333-8FDC-42A3-9474-1A3956D46DE8}") = "0 - Presentation", "0 - Presentation", "{B45D787F-046D-4A63-8D0A-DE4AD1DEE966}"
EndProject
Project("{2150E333-8FDC-42A3-9474-1A3956D46DE8}") = "1 - Services", "1 - Services", "{E0253458-3F10-46A2-B5FA-961610C546F7}"
EndProject
Project("{2150E333-8FDC-42A3-9474-1A3956D46DE8}") = "2 - Application", "2 - Application", "{457D26AB-AADD-4987-A6C7-E28BBCBC5100}"
EndProject
Project("{2150E333-8FDC-42A3-9474-1A3956D46DE8}") = "3 - Domain", "3 - Domain", "{DC7E9628-E5C6-4131-9B33-E6D4D4B09454}"
EndProject
Project("{2150E333-8FDC-42A3-9474-1A3956D46DE8}") = "4 - Infra", "4 - Infra", "{82C13848-565D-4170-A7AB-D33B0A467732}"
EndProject
Project("{2150E333-8FDC-42A3-9474-1A3956D46DE8}") = "4.1 - Data", "4.1 - Data", "{DB28F41A-42A9-44E5-947A-16A4070C376E}"
EndProject
Project("{2150E333-8FDC-42A3-9474-1A3956D46DE8}") = "4.2 - CrossCuting", "4.2 - CrossCuting", "{97605132-A653-48E3-8DDD-F736043BE46B}"
EndProject
Project("{FAE04EC0-301F-11D3-BF4B-00C04F79EFBC}") = "BluData.MVC", "BluData.MVC\BluData.MVC.csproj", "{8D176BAD-9E2F-4E89-ADE6-B10B5271B7B2}"
EndProject
Project("{FAE04EC0-301F-11D3-BF4B-00C04F79EFBC}") = "BluData.Application", "BluData.Application\BluData.Application.csproj", "{15F7832F-727A-4FC1-B46C-4D9F8601F5CE}"
EndProject
Project("{FAE04EC0-301F-11D3-BF4B-00C04F79EFBC}") = "BluData.Domain", "BluData.Domain\BluData.Domain.csproj", "{892618F2-E5E9-48DB-8A7B-11B1C3E5E392}"
EndProject
Project("{FAE04EC0-301F-11D3-BF4B-00C04F79EFBC}") = "BluData.Infra.Data", "BluData.Infra.Data\BluData.Infra.Data.csproj", "{11D261F0-FBF9-463A-9C36-7CDEE13E84C2}"
EndProject
Global
	GlobalSection(SolutionConfigurationPlatforms) = preSolution
		Debug|Any CPU = Debug|Any CPU
		Release|Any CPU = Release|Any CPU
	EndGlobalSection
	GlobalSection(ProjectConfigurationPlatforms) = postSolution
		{8D176BAD-9E2F-4E89-ADE6-B10B5271B7B2}.Debug|Any CPU.ActiveCfg = Debug|Any CPU
		{8D176BAD-9E2F-4E89-ADE6-B10B5271B7B2}.Debug|Any CPU.Build.0 = Debug|Any CPU
		{8D176BAD-9E2F-4E89-ADE6-B10B5271B7B2}.Release|Any CPU.ActiveCfg = Release|Any CPU
		{8D176BAD-9E2F-4E89-ADE6-B10B5271B7B2}.Release|Any CPU.Build.0 = Release|Any CPU
		{15F7832F-727A-4FC1-B46C-4D9F8601F5CE}.Debug|Any CPU.ActiveCfg = Debug|Any CPU
		{15F7832F-727A-4FC1-B46C-4D9F8601F5CE}.Debug|Any CPU.Build.0 = Debug|Any CPU
		{15F7832F-727A-4FC1-B46C-4D9F8601F5CE}.Release|Any CPU.ActiveCfg = Release|Any CPU
		{15F7832F-727A-4FC1-B46C-4D9F8601F5CE}.Release|Any CPU.Build.0 = Release|Any CPU
		{892618F2-E5E9-48DB-8A7B-11B1C3E5E392}.Debug|Any CPU.ActiveCfg = Debug|Any CPU
		{892618F2-E5E9-48DB-8A7B-11B1C3E5E392}.Debug|Any CPU.Build.0 = Debug|Any CPU
		{892618F2-E5E9-48DB-8A7B-11B1C3E5E392}.Release|Any CPU.ActiveCfg = Release|Any CPU
		{892618F2-E5E9-48DB-8A7B-11B1C3E5E392}.Release|Any CPU.Build.0 = Release|Any CPU
		{11D261F0-FBF9-463A-9C36-7CDEE13E84C2}.Debug|Any CPU.ActiveCfg = Debug|Any CPU
		{11D261F0-FBF9-463A-9C36-7CDEE13E84C2}.Debug|Any CPU.Build.0 = Debug|Any CPU
		{11D261F0-FBF9-463A-9C36-7CDEE13E84C2}.Release|Any CPU.ActiveCfg = Release|Any CPU
		{11D261F0-FBF9-463A-9C36-7CDEE13E84C2}.Release|Any CPU.Build.0 = Release|Any CPU
	EndGlobalSection
	GlobalSection(SolutionProperties) = preSolution
		HideSolutionNode = FALSE
	EndGlobalSection
	GlobalSection(NestedProjects) = preSolution
		{DB28F41A-42A9-44E5-947A-16A4070C376E} = {82C13848-565D-4170-A7AB-D33B0A467732}
		{97605132-A653-48E3-8DDD-F736043BE46B} = {82C13848-565D-4170-A7AB-D33B0A467732}
		{8D176BAD-9E2F-4E89-ADE6-B10B5271B7B2} = {B45D787F-046D-4A63-8D0A-DE4AD1DEE966}
		{15F7832F-727A-4FC1-B46C-4D9F8601F5CE} = {457D26AB-AADD-4987-A6C7-E28BBCBC5100}
		{892618F2-E5E9-48DB-8A7B-11B1C3E5E392} = {DC7E9628-E5C6-4131-9B33-E6D4D4B09454}
		{11D261F0-FBF9-463A-9C36-7CDEE13E84C2} = {DB28F41A-42A9-44E5-947A-16A4070C376E}
	EndGlobalSection
	GlobalSection(ExtensibilityGlobals) = postSolution
		SolutionGuid = {54055D69-0481-4982-BD1B-96146D50ACE3}
	EndGlobalSection
EndGlobal
